{
  "version": 4,
  "terraform_version": "0.12.13",
  "serial": 195,
  "lineage": "b0743246-8f68-da22-3ead-af1ff2fc2239",
  "outputs": {
    "Kubenetes-server-ip": {
      "value": "54.174.143.102",
      "type": "string"
    },
    "cluster-name": {
      "value": "production",
      "type": "string"
    },
    "config_map_aws_auth": {
      "value": "\n\napiVersion: v1\nkind: ConfigMap\nmetadata:\n  name: aws-auth\n  namespace: kube-system\ndata:\n  mapRoles: |\n    - rolearn: arn:aws:iam::213745435605:role/worker-nodes-role\n      username: system:node:{{EC2PrivateDNSName}}\n      groups:\n        - system:bootstrappers\n        - system:nodes\n",
      "type": "string"
    },
    "kubeconfig": {
      "value": "\n\napiVersion: v1\nclusters:\n- cluster:\n    server: https://7A18FCD1533965F72111E6E01E43CC9B.gr7.us-east-1.eks.amazonaws.com\n    certificate-authority-data: LS0tLS1CRUdJTiBDRVJUSUZJQ0FURS0tLS0tCk1JSUN5RENDQWJDZ0F3SUJBZ0lCQURBTkJna3Foa2lHOXcwQkFRc0ZBREFWTVJNd0VRWURWUVFERXdwcmRXSmwKY201bGRHVnpNQjRYRFRFNU1URXhOVEU0TURBMU1Wb1hEVEk1TVRFeE1qRTRNREExTVZvd0ZURVRNQkVHQTFVRQpBeE1LYTNWaVpYSnVaWFJsY3pDQ0FTSXdEUVlKS29aSWh2Y05BUUVCQlFBRGdnRVBBRENDQVFvQ2dnRUJBTElRCmdISTdQb2RZUldBQVFSVUpGSlU5dVlKREY1WEdWM1RqZHZyMHcrSHgxaXc0NDFNR1hJY0Z6QmxHQXhxeUx4bFkKUk5SdjU4ZzBKbUNtQld3d09WaWN6ZFhkeEtqRkw0OUpFKzVNbnRtTWFXNmQxKzgzQWxDUHpZaVdFN0F0SVFMNwphcXVoVkprTTdENVNSK2lOMGpRbVM1K1RTaGpTVFBTdzZRV2Rzekh4UTgvdzV6TkZsWmYvcGc2Q2RqNjdOYXNKClEvNjUyL3FtWU9yVjI2SW5NZ1pXOXpDOHBaSi9NdHcwblJaL09ZT2ZRUkdaUmZMMVRJd2l6eTVjRHRNdXJnM0wKTitwclNuME5SRy9lRjdGbnk0OVRmVEova0JFejF4U1pCQ3JxbzdPVEJGeEhGQUtQblBsOVlVL2dMdThDSEpRRwpYVTY2QWV1Rk9hZmZmOVBnQ1FNQ0F3RUFBYU1qTUNFd0RnWURWUjBQQVFIL0JBUURBZ0trTUE4R0ExVWRFd0VCCi93UUZNQU1CQWY4d0RRWUpLb1pJaHZjTkFRRUxCUUFEZ2dFQkFFWDM1cTVMbUZUQi85VFdVNitENjNiQVVhTVUKRVp3enhIQWN0R3JIakFhOEp0M3VmNmtHTVY0TGtxL1pZdjBjMkpTNzd3djZLbXlNZmxROGZpTnIzbWpmemgxVwphLzBQOEREUk5RZUFPY3JKWkNUTUxyeVBQd3dWRzlncVI4bFE5NEJsMk1qdjd2ZXZhdFV4WTk1SjhBb0lxdWJiCm9WQUxENFpCVCtxUWFGNTBvVWZmbzFoZzBLbXQyVk1pMWQwdWFDT1RlRHVkTzZ4WDFaOGtoRWxwUkFIcUhscm8KUmVONlBPZDM0eG1OZ3B5QldQaHdwZG5Gb3MxS3pGcGRsYUUvd2RmRmN4Vyt4ZmtPNS9UZzhYNUVPMG9lbGNMZgpDWHYzc0w1dlpjVDdSVGhFc0dSZkd2VlZzYW5KMUxHL015SWdwbGg4QVdQRGRsUGVHb2IvalhjbTVZVT0KLS0tLS1FTkQgQ0VSVElGSUNBVEUtLS0tLQo=\n  name: kubernetes\ncontexts:\n- context:\n    cluster: kubernetes\n    user: aws\n  name: aws\ncurrent-context: aws\nkind: Config\npreferences: {}\nusers:\n- name: aws\n  user:\n    exec:\n      apiVersion: client.authentication.k8s.io/v1alpha1\n      command: aws-iam-authenticator\n      args:\n        - \"token\"\n        - \"-i\"\n        - \"production\"\n",
      "type": "string"
    }
  },
  "resources": [
    {
      "module": "module.eks",
      "mode": "data",
      "type": "aws_ami",
      "name": "eks-worker",
      "provider": "provider.aws",
      "instances": [
        {
          "schema_version": 0,
          "attributes": {
            "architecture": "x86_64",
            "block_device_mappings": [
              {
                "device_name": "/dev/xvda",
                "ebs": {
                  "delete_on_termination": "true",
                  "encrypted": "false",
                  "iops": "0",
                  "snapshot_id": "snap-061987201473d0d6e",
                  "volume_size": "20",
                  "volume_type": "gp2"
                },
                "no_device": "",
                "virtual_name": ""
              }
            ],
            "creation_date": "2019-09-28T10:34:30.000Z",
            "description": "EKS Kubernetes Worker AMI with AmazonLinux2 image, (k8s: 1.14.7, docker:18.06)",
            "executable_users": null,
            "filter": [
              {
                "name": "name",
                "values": [
                  "amazon-eks-node-1.14-v*"
                ]
              }
            ],
            "hypervisor": "xen",
            "id": "ami-0392bafc801b7520f",
            "image_id": "ami-0392bafc801b7520f",
            "image_location": "amazon/amazon-eks-node-1.14-v20190927",
            "image_owner_alias": "amazon",
            "image_type": "machine",
            "kernel_id": null,
            "most_recent": true,
            "name": "amazon-eks-node-1.14-v20190927",
            "name_regex": null,
            "owner_id": "602401143452",
            "owners": [
              "602401143452"
            ],
            "platform": null,
            "product_codes": [],
            "public": true,
            "ramdisk_id": null,
            "root_device_name": "/dev/xvda",
            "root_device_type": "ebs",
            "root_snapshot_id": "snap-061987201473d0d6e",
            "sriov_net_support": "simple",
            "state": "available",
            "state_reason": {
              "code": "UNSET",
              "message": "UNSET"
            },
            "tags": {},
            "virtualization_type": "hvm"
          },
          "depends_on": [
            "aws_eks_cluster.eks-cluster"
          ]
        }
      ]
    },
    {
      "module": "module.vpc",
      "mode": "data",
      "type": "aws_availability_zones",
      "name": "available",
      "provider": "provider.aws",
      "instances": [
        {
          "schema_version": 0,
          "attributes": {
            "blacklisted_names": null,
            "blacklisted_zone_ids": null,
            "id": "2019-11-15 17:52:27.503329862 +0000 UTC",
            "names": [
              "us-east-1a",
              "us-east-1b",
              "us-east-1c",
              "us-east-1d",
              "us-east-1e",
              "us-east-1f"
            ],
            "state": null,
            "zone_ids": [
              "use1-az4",
              "use1-az6",
              "use1-az1",
              "use1-az2",
              "use1-az3",
              "use1-az5"
            ]
          }
        }
      ]
    },
    {
      "module": "module.eks",
      "mode": "data",
      "type": "http",
      "name": "workstation-external-ip",
      "provider": "provider.http",
      "instances": [
        {
          "schema_version": 0,
          "attributes": {
            "body": "177.40.125.251\n",
            "id": "2019-11-15 17:52:24.093544514 +0000 UTC",
            "request_headers": null,
            "url": "http://ipv4.icanhazip.com"
          }
        }
      ]
    },
    {
      "module": "module.eks",
      "mode": "managed",
      "type": "aws_autoscaling_group",
      "name": "worker",
      "provider": "provider.aws",
      "instances": [
        {
          "schema_version": 0,
          "attributes": {
            "arn": "arn:aws:autoscaling:us-east-1:213745435605:autoScalingGroup:09a63f1d-6020-4857-87c1-1c73fb736b3d:autoScalingGroupName/worker-nodes",
            "availability_zones": [
              "us-east-1a",
              "us-east-1b",
              "us-east-1c"
            ],
            "default_cooldown": 300,
            "desired_capacity": 2,
            "enabled_metrics": null,
            "force_delete": false,
            "health_check_grace_period": 300,
            "health_check_type": "EC2",
            "id": "worker-nodes",
            "initial_lifecycle_hook": [],
            "launch_configuration": "worker-node20191115180415518700000008",
            "launch_template": [],
            "load_balancers": [],
            "max_size": 4,
            "metrics_granularity": "1Minute",
            "min_elb_capacity": null,
            "min_size": 1,
            "mixed_instances_policy": [],
            "name": "worker-nodes",
            "name_prefix": null,
            "placement_group": "",
            "protect_from_scale_in": false,
            "service_linked_role_arn": "arn:aws:iam::213745435605:role/aws-service-role/autoscaling.amazonaws.com/AWSServiceRoleForAutoScaling",
            "suspended_processes": null,
            "tag": [
              {
                "key": "Name",
                "propagate_at_launch": true,
                "value": "worker-nodes"
              },
              {
                "key": "kubernetes.io/cluster/production",
                "propagate_at_launch": true,
                "value": "owned"
              }
            ],
            "tags": null,
            "target_group_arns": [],
            "termination_policies": null,
            "timeouts": null,
            "vpc_zone_identifier": [
              "subnet-00a3868c669463e28",
              "subnet-0465c0d1acacbcf14",
              "subnet-0a49f147677683610"
            ],
            "wait_for_capacity_timeout": "10m",
            "wait_for_elb_capacity": null
          },
          "private": "eyJlMmJmYjczMC1lY2FhLTExZTYtOGY4OC0zNDM2M2JjN2M0YzAiOnsiZGVsZXRlIjo2MDAwMDAwMDAwMDB9fQ==",
          "depends_on": [
            "aws_launch_configuration.worker"
          ]
        }
      ]
    },
    {
      "module": "module.vpc",
      "mode": "managed",
      "type": "aws_eip",
      "name": "eip",
      "provider": "provider.aws",
      "instances": [
        {
          "schema_version": 0,
          "attributes": {
            "allocation_id": null,
            "associate_with_private_ip": null,
            "association_id": "",
            "domain": "vpc",
            "id": "eipalloc-0751b0952ac8b6b5f",
            "instance": "",
            "network_interface": "",
            "private_dns": null,
            "private_ip": "",
            "public_dns": "ec2-3-208-201-213.compute-1.amazonaws.com",
            "public_ip": "3.208.201.213",
            "public_ipv4_pool": "amazon",
            "tags": {
              "Name": "Elastic IP"
            },
            "timeouts": null,
            "vpc": true
          },
          "private": "eyJlMmJmYjczMC1lY2FhLTExZTYtOGY4OC0zNDM2M2JjN2M0YzAiOnsiZGVsZXRlIjoxODAwMDAwMDAwMDAsInJlYWQiOjkwMDAwMDAwMDAwMCwidXBkYXRlIjozMDAwMDAwMDAwMDB9fQ=="
        }
      ]
    },
    {
      "module": "module.kubernetes-server",
      "mode": "managed",
      "type": "aws_eip",
      "name": "ip",
      "provider": "provider.aws",
      "instances": [
        {
          "schema_version": 0,
          "attributes": {
            "allocation_id": null,
            "associate_with_private_ip": null,
            "association_id": "eipassoc-0781ce98a4bc1b17b",
            "domain": "vpc",
            "id": "eipalloc-01e38c01d31daac4a",
            "instance": "i-0caeb95426a67d1b2",
            "network_interface": "eni-0eb8134499aa9d574",
            "private_dns": "ip-10-0-204-198.ec2.internal",
            "private_ip": "10.0.204.198",
            "public_dns": "ec2-54-174-143-102.compute-1.amazonaws.com",
            "public_ip": "54.174.143.102",
            "public_ipv4_pool": "amazon",
            "tags": {
              "Name": "server_eip"
            },
            "timeouts": null,
            "vpc": true
          },
          "private": "eyJlMmJmYjczMC1lY2FhLTExZTYtOGY4OC0zNDM2M2JjN2M0YzAiOnsiZGVsZXRlIjoxODAwMDAwMDAwMDAsInJlYWQiOjkwMDAwMDAwMDAwMCwidXBkYXRlIjozMDAwMDAwMDAwMDB9fQ==",
          "depends_on": [
            "aws_instance.kubernetes-server"
          ]
        }
      ]
    },
    {
      "module": "module.eks",
      "mode": "managed",
      "type": "aws_eks_cluster",
      "name": "eks-cluster",
      "provider": "provider.aws",
      "instances": [
        {
          "schema_version": 0,
          "attributes": {
            "arn": "arn:aws:eks:us-east-1:213745435605:cluster/production",
            "certificate_authority": [
              {
                "data": "LS0tLS1CRUdJTiBDRVJUSUZJQ0FURS0tLS0tCk1JSUN5RENDQWJDZ0F3SUJBZ0lCQURBTkJna3Foa2lHOXcwQkFRc0ZBREFWTVJNd0VRWURWUVFERXdwcmRXSmwKY201bGRHVnpNQjRYRFRFNU1URXhOVEU0TURBMU1Wb1hEVEk1TVRFeE1qRTRNREExTVZvd0ZURVRNQkVHQTFVRQpBeE1LYTNWaVpYSnVaWFJsY3pDQ0FTSXdEUVlKS29aSWh2Y05BUUVCQlFBRGdnRVBBRENDQVFvQ2dnRUJBTElRCmdISTdQb2RZUldBQVFSVUpGSlU5dVlKREY1WEdWM1RqZHZyMHcrSHgxaXc0NDFNR1hJY0Z6QmxHQXhxeUx4bFkKUk5SdjU4ZzBKbUNtQld3d09WaWN6ZFhkeEtqRkw0OUpFKzVNbnRtTWFXNmQxKzgzQWxDUHpZaVdFN0F0SVFMNwphcXVoVkprTTdENVNSK2lOMGpRbVM1K1RTaGpTVFBTdzZRV2Rzekh4UTgvdzV6TkZsWmYvcGc2Q2RqNjdOYXNKClEvNjUyL3FtWU9yVjI2SW5NZ1pXOXpDOHBaSi9NdHcwblJaL09ZT2ZRUkdaUmZMMVRJd2l6eTVjRHRNdXJnM0wKTitwclNuME5SRy9lRjdGbnk0OVRmVEova0JFejF4U1pCQ3JxbzdPVEJGeEhGQUtQblBsOVlVL2dMdThDSEpRRwpYVTY2QWV1Rk9hZmZmOVBnQ1FNQ0F3RUFBYU1qTUNFd0RnWURWUjBQQVFIL0JBUURBZ0trTUE4R0ExVWRFd0VCCi93UUZNQU1CQWY4d0RRWUpLb1pJaHZjTkFRRUxCUUFEZ2dFQkFFWDM1cTVMbUZUQi85VFdVNitENjNiQVVhTVUKRVp3enhIQWN0R3JIakFhOEp0M3VmNmtHTVY0TGtxL1pZdjBjMkpTNzd3djZLbXlNZmxROGZpTnIzbWpmemgxVwphLzBQOEREUk5RZUFPY3JKWkNUTUxyeVBQd3dWRzlncVI4bFE5NEJsMk1qdjd2ZXZhdFV4WTk1SjhBb0lxdWJiCm9WQUxENFpCVCtxUWFGNTBvVWZmbzFoZzBLbXQyVk1pMWQwdWFDT1RlRHVkTzZ4WDFaOGtoRWxwUkFIcUhscm8KUmVONlBPZDM0eG1OZ3B5QldQaHdwZG5Gb3MxS3pGcGRsYUUvd2RmRmN4Vyt4ZmtPNS9UZzhYNUVPMG9lbGNMZgpDWHYzc0w1dlpjVDdSVGhFc0dSZkd2VlZzYW5KMUxHL015SWdwbGg4QVdQRGRsUGVHb2IvalhjbTVZVT0KLS0tLS1FTkQgQ0VSVElGSUNBVEUtLS0tLQo="
              }
            ],
            "created_at": "2019-11-15 17:53:04 +0000 UTC",
            "enabled_cluster_log_types": null,
            "endpoint": "https://7A18FCD1533965F72111E6E01E43CC9B.gr7.us-east-1.eks.amazonaws.com",
            "id": "production",
            "identity": [
              {
                "oidc": [
                  {
                    "issuer": "https://oidc.eks.us-east-1.amazonaws.com/id/7A18FCD1533965F72111E6E01E43CC9B"
                  }
                ]
              }
            ],
            "name": "production",
            "platform_version": "eks.2",
            "role_arn": "arn:aws:iam::213745435605:role/cluster-iam-role",
            "status": "ACTIVE",
            "tags": null,
            "timeouts": null,
            "version": "1.14",
            "vpc_config": [
              {
                "endpoint_private_access": false,
                "endpoint_public_access": true,
                "security_group_ids": [
                  "sg-0e2044fbaa6f8e8bf"
                ],
                "subnet_ids": [
                  "subnet-00a3868c669463e28",
                  "subnet-0465c0d1acacbcf14",
                  "subnet-052d9540f3b2a49f8",
                  "subnet-0a49f147677683610",
                  "subnet-0ad85a5b85af6d92b",
                  "subnet-0fa7826ce07be5802"
                ],
                "vpc_id": "vpc-0764e590e1fdf1dd6"
              }
            ]
          },
          "private": "eyJlMmJmYjczMC1lY2FhLTExZTYtOGY4OC0zNDM2M2JjN2M0YzAiOnsiY3JlYXRlIjoxODAwMDAwMDAwMDAwLCJkZWxldGUiOjkwMDAwMDAwMDAwMCwidXBkYXRlIjozNjAwMDAwMDAwMDAwfX0=",
          "depends_on": [
            "aws_iam_role.cluster-role",
            "aws_iam_role_policy_attachment.eks-cluster-AmazonEKSClusterPolicy",
            "aws_iam_role_policy_attachment.eks-cluster-AmazonEKSServicePolicy",
            "aws_security_group.cluster-sg"
          ]
        }
      ]
    },
    {
      "module": "module.eks",
      "mode": "managed",
      "type": "aws_iam_instance_profile",
      "name": "worker-node",
      "provider": "provider.aws",
      "instances": [
        {
          "schema_version": 0,
          "attributes": {
            "arn": "arn:aws:iam::213745435605:instance-profile/eks-worker-node",
            "create_date": "2019-11-15T17:52:45Z",
            "id": "eks-worker-node",
            "name": "eks-worker-node",
            "name_prefix": null,
            "path": "/",
            "role": "worker-nodes-role",
            "roles": [],
            "unique_id": "AIPATDRBYQPKUAQQ4ROPU"
          },
          "private": "bnVsbA==",
          "depends_on": [
            "aws_iam_role.worker-node-role"
          ]
        }
      ]
    },
    {
      "module": "module.eks",
      "mode": "managed",
      "type": "aws_iam_policy",
      "name": "eks-tagging",
      "provider": "provider.aws",
      "instances": [
        {
          "schema_version": 0,
          "attributes": {
            "arn": "arn:aws:iam::213745435605:policy/production_resource_tagging_for_eks",
            "description": "resource_tagging_for_eks",
            "id": "arn:aws:iam::213745435605:policy/production_resource_tagging_for_eks",
            "name": "production_resource_tagging_for_eks",
            "name_prefix": null,
            "path": "/",
            "policy": "{\n    \"Version\": \"2012-10-17\",\n    \"Statement\": [\n        {\n            \"Sid\": \"VisualEditor0\",\n            \"Effect\": \"Allow\",\n            \"Action\": [\n                \"tag:GetResources\",\n                \"tag:UntagResources\",\n                \"tag:GetTagValues\",\n                \"tag:GetTagKeys\",\n                \"tag:TagResources\"\n            ],\n            \"Resource\": \"*\"\n        }\n    ]\n}\n"
          },
          "private": "bnVsbA=="
        }
      ]
    },
    {
      "module": "module.eks",
      "mode": "managed",
      "type": "aws_iam_role",
      "name": "cluster-role",
      "provider": "provider.aws",
      "instances": [
        {
          "schema_version": 0,
          "attributes": {
            "arn": "arn:aws:iam::213745435605:role/cluster-iam-role",
            "assume_role_policy": "{\"Version\":\"2012-10-17\",\"Statement\":[{\"Effect\":\"Allow\",\"Principal\":{\"Service\":\"eks.amazonaws.com\"},\"Action\":\"sts:AssumeRole\"}]}",
            "create_date": "2019-11-15T17:52:43Z",
            "description": "",
            "force_detach_policies": false,
            "id": "cluster-iam-role",
            "max_session_duration": 3600,
            "name": "cluster-iam-role",
            "name_prefix": null,
            "path": "/",
            "permissions_boundary": null,
            "tags": null,
            "unique_id": "AROATDRBYQPKYWMV7BHEN"
          },
          "private": "bnVsbA=="
        }
      ]
    },
    {
      "module": "module.eks",
      "mode": "managed",
      "type": "aws_iam_role",
      "name": "worker-node-role",
      "provider": "provider.aws",
      "instances": [
        {
          "schema_version": 0,
          "attributes": {
            "arn": "arn:aws:iam::213745435605:role/worker-nodes-role",
            "assume_role_policy": "{\"Version\":\"2012-10-17\",\"Statement\":[{\"Effect\":\"Allow\",\"Principal\":{\"Service\":\"ec2.amazonaws.com\"},\"Action\":\"sts:AssumeRole\"}]}",
            "create_date": "2019-11-15T17:52:43Z",
            "description": "",
            "force_detach_policies": false,
            "id": "worker-nodes-role",
            "max_session_duration": 3600,
            "name": "worker-nodes-role",
            "name_prefix": null,
            "path": "/",
            "permissions_boundary": null,
            "tags": null,
            "unique_id": "AROATDRBYQPK3C64KCAND"
          },
          "private": "bnVsbA=="
        }
      ]
    },
    {
      "module": "module.eks",
      "mode": "managed",
      "type": "aws_iam_role_policy_attachment",
      "name": "eks-cluster-AmazonEKSClusterPolicy",
      "provider": "provider.aws",
      "instances": [
        {
          "schema_version": 0,
          "attributes": {
            "id": "cluster-iam-role-20191115175245683500000002",
            "policy_arn": "arn:aws:iam::aws:policy/AmazonEKSClusterPolicy",
            "role": "cluster-iam-role"
          },
          "private": "bnVsbA==",
          "depends_on": [
            "aws_iam_role.cluster-role"
          ]
        }
      ]
    },
    {
      "module": "module.eks",
      "mode": "managed",
      "type": "aws_iam_role_policy_attachment",
      "name": "eks-cluster-AmazonEKSServicePolicy",
      "provider": "provider.aws",
      "instances": [
        {
          "schema_version": 0,
          "attributes": {
            "id": "cluster-iam-role-20191115175245763700000004",
            "policy_arn": "arn:aws:iam::aws:policy/AmazonEKSServicePolicy",
            "role": "cluster-iam-role"
          },
          "private": "bnVsbA==",
          "depends_on": [
            "aws_iam_role.cluster-role"
          ]
        }
      ]
    },
    {
      "module": "module.eks",
      "mode": "managed",
      "type": "aws_iam_role_policy_attachment",
      "name": "worker-node-AmazonEC2ContainerRegistryReadOnly",
      "provider": "provider.aws",
      "instances": [
        {
          "schema_version": 0,
          "attributes": {
            "id": "worker-nodes-role-20191115175245723500000003",
            "policy_arn": "arn:aws:iam::aws:policy/AmazonEC2ContainerRegistryReadOnly",
            "role": "worker-nodes-role"
          },
          "private": "bnVsbA==",
          "depends_on": [
            "aws_iam_role.worker-node-role"
          ]
        }
      ]
    },
    {
      "module": "module.eks",
      "mode": "managed",
      "type": "aws_iam_role_policy_attachment",
      "name": "worker-node-AmazonEC2FullAccess",
      "provider": "provider.aws",
      "instances": [
        {
          "schema_version": 0,
          "attributes": {
            "id": "worker-nodes-role-20191115175245658900000001",
            "policy_arn": "arn:aws:iam::aws:policy/AmazonEC2FullAccess",
            "role": "worker-nodes-role"
          },
          "private": "bnVsbA==",
          "depends_on": [
            "aws_iam_role.worker-node-role"
          ]
        }
      ]
    },
    {
      "module": "module.eks",
      "mode": "managed",
      "type": "aws_iam_role_policy_attachment",
      "name": "worker-node-AmazonEKSWorkerNodePolicy",
      "provider": "provider.aws",
      "instances": [
        {
          "schema_version": 0,
          "attributes": {
            "id": "worker-nodes-role-20191115175245763700000005",
            "policy_arn": "arn:aws:iam::aws:policy/AmazonEKSWorkerNodePolicy",
            "role": "worker-nodes-role"
          },
          "private": "bnVsbA==",
          "depends_on": [
            "aws_iam_role.worker-node-role"
          ]
        }
      ]
    },
    {
      "module": "module.eks",
      "mode": "managed",
      "type": "aws_iam_role_policy_attachment",
      "name": "worker-node-AmazonEKS_CNI_Policy",
      "provider": "provider.aws",
      "instances": [
        {
          "schema_version": 0,
          "attributes": {
            "id": "worker-nodes-role-20191115175245771500000006",
            "policy_arn": "arn:aws:iam::aws:policy/AmazonEKS_CNI_Policy",
            "role": "worker-nodes-role"
          },
          "private": "bnVsbA==",
          "depends_on": [
            "aws_iam_role.worker-node-role"
          ]
        }
      ]
    },
    {
      "module": "module.eks",
      "mode": "managed",
      "type": "aws_iam_role_policy_attachment",
      "name": "worker-node-resource_tagging_for_eks",
      "provider": "provider.aws",
      "instances": [
        {
          "schema_version": 0,
          "attributes": {
            "id": "worker-nodes-role-20191115175246590100000007",
            "policy_arn": "arn:aws:iam::213745435605:policy/production_resource_tagging_for_eks",
            "role": "worker-nodes-role"
          },
          "private": "bnVsbA==",
          "depends_on": [
            "aws_iam_policy.eks-tagging",
            "aws_iam_role.worker-node-role"
          ]
        }
      ]
    },
    {
      "module": "module.kubernetes-server",
      "mode": "managed",
      "type": "aws_instance",
      "name": "kubernetes-server",
      "provider": "provider.aws",
      "instances": [
        {
          "schema_version": 1,
          "attributes": {
            "ami": "ami-04b9e92b5572fa0d1",
            "arn": "arn:aws:ec2:us-east-1:213745435605:instance/i-0caeb95426a67d1b2",
            "associate_public_ip_address": false,
            "availability_zone": "us-east-1a",
            "cpu_core_count": 1,
            "cpu_threads_per_core": 2,
            "credit_specification": [
              {
                "cpu_credits": "unlimited"
              }
            ],
            "disable_api_termination": false,
            "ebs_block_device": [],
            "ebs_optimized": false,
            "ephemeral_block_device": [],
            "get_password_data": false,
            "host_id": null,
            "iam_instance_profile": "",
            "id": "i-0caeb95426a67d1b2",
            "instance_initiated_shutdown_behavior": null,
            "instance_state": "running",
            "instance_type": "t3.medium",
            "ipv6_address_count": 0,
            "ipv6_addresses": [],
            "key_name": "terraform-aws",
            "monitoring": false,
            "network_interface": [],
            "network_interface_id": null,
            "password_data": "",
            "placement_group": "",
            "primary_network_interface_id": "eni-0eb8134499aa9d574",
            "private_dns": "ip-10-0-204-198.ec2.internal",
            "private_ip": "10.0.204.198",
            "public_dns": "",
            "public_ip": "",
            "root_block_device": [
              {
                "delete_on_termination": true,
                "encrypted": false,
                "iops": 150,
                "kms_key_id": "",
                "volume_id": "vol-08f72b92e66f70b6f",
                "volume_size": 50,
                "volume_type": "gp2"
              }
            ],
            "security_groups": [],
            "source_dest_check": true,
            "subnet_id": "subnet-07372b84743674040",
            "tags": null,
            "tenancy": "default",
            "timeouts": null,
            "user_data": null,
            "user_data_base64": null,
            "volume_tags": {},
            "vpc_security_group_ids": [
              "sg-0074a17bcc4ea0f08"
            ]
          },
          "private": "eyJlMmJmYjczMC1lY2FhLTExZTYtOGY4OC0zNDM2M2JjN2M0YzAiOnsiY3JlYXRlIjo2MDAwMDAwMDAwMDAsImRlbGV0ZSI6MTIwMDAwMDAwMDAwMCwidXBkYXRlIjo2MDAwMDAwMDAwMDB9LCJzY2hlbWFfdmVyc2lvbiI6IjEifQ==",
          "depends_on": [
            "aws_security_group.kubernetes-server-instance-sg"
          ]
        }
      ]
    },
    {
      "module": "module.vpc",
      "mode": "managed",
      "type": "aws_internet_gateway",
      "name": "igw",
      "provider": "provider.aws",
      "instances": [
        {
          "schema_version": 0,
          "attributes": {
            "id": "igw-0a8a124022b2121ad",
            "owner_id": "213745435605",
            "tags": {
              "Name": "Internet-Gateway"
            },
            "vpc_id": "vpc-0764e590e1fdf1dd6"
          },
          "private": "bnVsbA==",
          "depends_on": [
            "aws_vpc.this"
          ]
        }
      ]
    },
    {
      "module": "module.eks",
      "mode": "managed",
      "type": "aws_launch_configuration",
      "name": "worker",
      "provider": "provider.aws",
      "instances": [
        {
          "schema_version": 0,
          "attributes": {
            "associate_public_ip_address": false,
            "ebs_block_device": [],
            "ebs_optimized": false,
            "enable_monitoring": true,
            "ephemeral_block_device": [],
            "iam_instance_profile": "eks-worker-node",
            "id": "worker-node20191115180415518700000008",
            "image_id": "ami-0392bafc801b7520f",
            "instance_type": "t2.micro",
            "key_name": "",
            "name": "worker-node20191115180415518700000008",
            "name_prefix": "worker-node",
            "placement_tenancy": null,
            "root_block_device": [],
            "security_groups": [
              "sg-04dcf4a2a3a6ca9a5"
            ],
            "spot_price": "",
            "user_data": null,
            "user_data_base64": "IyEvYmluL2Jhc2gKc2V0IC1vIHh0cmFjZQovZXRjL2Vrcy9ib290c3RyYXAuc2ggLS1hcGlzZXJ2ZXItZW5kcG9pbnQgJ2h0dHBzOi8vN0ExOEZDRDE1MzM5NjVGNzIxMTFFNkUwMUU0M0NDOUIuZ3I3LnVzLWVhc3QtMS5la3MuYW1hem9uYXdzLmNvbScgLS1iNjQtY2x1c3Rlci1jYSAnTFMwdExTMUNSVWRKVGlCRFJWSlVTVVpKUTBGVVJTMHRMUzB0Q2sxSlNVTjVSRU5EUVdKRFowRjNTVUpCWjBsQ1FVUkJUa0puYTNGb2EybEhPWGN3UWtGUmMwWkJSRUZXVFZKTmQwVlJXVVJXVVZGRVJYZHdjbVJYU213S1kyMDFiR1JIVm5wTlFqUllSRlJGTlUxVVJYaE9WRVUwVFVSQk1VMVdiMWhFVkVrMVRWUkZlRTFxUlRSTlJFRXhUVlp2ZDBaVVJWUk5Ra1ZIUVRGVlJRcEJlRTFMWVROV2FWcFlTblZhV0ZKc1kzcERRMEZUU1hkRVVWbEtTMjlhU1doMlkwNUJVVVZDUWxGQlJHZG5SVkJCUkVORFFWRnZRMmRuUlVKQlRFbFJDbWRJU1RkUWIyUlpVbGRCUVZGU1ZVcEdTbFU1ZFZsS1JFWTFXRWRXTTFScVpIWnlNSGNyU0hneGFYYzBOREZOUjFoSlkwWjZRbXhIUVhoeGVVeDRiRmtLVWs1U2RqVTRaekJLYlVOdFFsZDNkMDlXYVdONlpGaGtlRXRxUmt3ME9VcEZLelZOYm5SdFRXRlhObVF4S3pnelFXeERVSHBaYVZkRk4wRjBTVkZNTndwaGNYVm9Wa3ByVFRkRU5WTlNLMmxPTUdwUmJWTTFLMVJUYUdwVFZGQlRkelpSVjJSemVraDRVVGd2ZHpWNlRrWnNXbVl2Y0djMlEyUnFOamRPWVhOS0NsRXZOalV5TDNGdFdVOXlWakkyU1c1TloxcFhPWHBET0hCYVNpOU5kSGN3YmxKYUwwOVpUMlpSVWtkYVVtWk1NVlJKZDJsNmVUVmpSSFJOZFhKbk0wd0tUaXR3Y2xOdU1FNVNSeTlsUmpkR2JuazBPVlJtVkVvdmEwSkZlakY0VTFwQ1EzSnhiemRQVkVKR2VFaEdRVXRRYmxCc09WbFZMMmRNZFRoRFNFcFJSd3BZVlRZMlFXVjFSazloWm1abU9WQm5RMUZOUTBGM1JVRkJZVTFxVFVORmQwUm5XVVJXVWpCUVFWRklMMEpCVVVSQlowdHJUVUU0UjBFeFZXUkZkMFZDQ2k5M1VVWk5RVTFDUVdZNGQwUlJXVXBMYjFwSmFIWmpUa0ZSUlV4Q1VVRkVaMmRGUWtGRldETTFjVFZNYlVaVVFpODVWRmRWTml0RU5qTmlRVlZoVFZVS1JWcDNlbmhJUVdOMFIzSklha0ZoT0VwME0zVm1ObXRIVFZZMFRHdHhMMXBaZGpCak1rcFROemQzZGpaTGJYbE5abXhST0dacFRuSXpiV3BtZW1neFZ3cGhMekJRT0VSRVVrNVJaVUZQWTNKS1drTlVUVXh5ZVZCUWQzZFdSemxuY1ZJNGJGRTVORUpzTWsxcWRqZDJaWFpoZEZWNFdUazFTamhCYjBseGRXSmlDbTlXUVV4RU5GcENWQ3R4VVdGR05UQnZWV1ptYnpGb1p6QkxiWFF5VmsxcE1XUXdkV0ZEVDFSbFJIVmtUelo0V0RGYU9HdG9SV3h3VWtGSWNVaHNjbThLVW1WT05sQlBaRE0wZUcxT1ozQjVRbGRRYUhkd1pHNUdiM014UzNwR2NHUnNZVVV2ZDJSbVJtTjRWeXQ0Wm10UE5TOVVaemhZTlVWUE1HOWxiR05NWmdwRFdIWXpjMHcxZGxwalZEZFNWR2hGYzBkU1prZDJWbFp6WVc1S01VeEhMMDE1U1dkd2JHZzRRVmRRUkdSc1VHVkhiMkl2YWxoamJUVlpWVDBLTFMwdExTMUZUa1FnUTBWU1ZFbEdTVU5CVkVVdExTMHRMUW89JyAncHJvZHVjdGlvbicK",
            "vpc_classic_link_id": "",
            "vpc_classic_link_security_groups": null
          },
          "private": "bnVsbA==",
          "depends_on": [
            "aws_iam_instance_profile.worker-node",
            "aws_security_group.worker-node-sg",
            "data.aws_ami.eks-worker"
          ]
        }
      ]
    },
    {
      "module": "module.vpc",
      "mode": "managed",
      "type": "aws_nat_gateway",
      "name": "nat-gw",
      "provider": "provider.aws",
      "instances": [
        {
          "schema_version": 0,
          "attributes": {
            "allocation_id": "eipalloc-0751b0952ac8b6b5f",
            "id": "nat-0bb90adff8c50be70",
            "network_interface_id": "eni-09b9603241313e7ec",
            "private_ip": "10.0.49.102",
            "public_ip": "3.208.201.213",
            "subnet_id": "subnet-0ad85a5b85af6d92b",
            "tags": null
          },
          "private": "bnVsbA==",
          "depends_on": [
            "aws_eip.eip",
            "aws_subnet.master_subnet"
          ]
        }
      ]
    },
    {
      "module": "module.vpc",
      "mode": "managed",
      "type": "aws_route_table",
      "name": "rt_private",
      "provider": "provider.aws",
      "instances": [
        {
          "schema_version": 0,
          "attributes": {
            "id": "rtb-0b061766857e9457a",
            "owner_id": "213745435605",
            "propagating_vgws": [],
            "route": [
              {
                "cidr_block": "0.0.0.0/0",
                "egress_only_gateway_id": "",
                "gateway_id": "",
                "instance_id": "",
                "ipv6_cidr_block": "",
                "nat_gateway_id": "nat-0bb90adff8c50be70",
                "network_interface_id": "",
                "transit_gateway_id": "",
                "vpc_peering_connection_id": ""
              }
            ],
            "tags": null,
            "vpc_id": "vpc-0764e590e1fdf1dd6"
          },
          "private": "bnVsbA==",
          "depends_on": [
            "aws_nat_gateway.nat-gw",
            "aws_vpc.this"
          ]
        }
      ]
    },
    {
      "module": "module.vpc",
      "mode": "managed",
      "type": "aws_route_table",
      "name": "rt_public",
      "provider": "provider.aws",
      "instances": [
        {
          "schema_version": 0,
          "attributes": {
            "id": "rtb-021ddd443d3700e39",
            "owner_id": "213745435605",
            "propagating_vgws": [],
            "route": [
              {
                "cidr_block": "0.0.0.0/0",
                "egress_only_gateway_id": "",
                "gateway_id": "igw-0a8a124022b2121ad",
                "instance_id": "",
                "ipv6_cidr_block": "",
                "nat_gateway_id": "",
                "network_interface_id": "",
                "transit_gateway_id": "",
                "vpc_peering_connection_id": ""
              }
            ],
            "tags": {
              "Name": "Public_route_table"
            },
            "vpc_id": "vpc-0764e590e1fdf1dd6"
          },
          "private": "bnVsbA==",
          "depends_on": [
            "aws_internet_gateway.igw",
            "aws_vpc.this"
          ]
        }
      ]
    },
    {
      "module": "module.vpc",
      "mode": "managed",
      "type": "aws_route_table_association",
      "name": "master",
      "each": "list",
      "provider": "provider.aws",
      "instances": [
        {
          "index_key": 0,
          "schema_version": 0,
          "attributes": {
            "id": "rtbassoc-0603ec2f62f5840c4",
            "route_table_id": "rtb-021ddd443d3700e39",
            "subnet_id": "subnet-0ad85a5b85af6d92b"
          },
          "private": "bnVsbA==",
          "depends_on": [
            "aws_route_table.rt_public",
            "aws_subnet.master_subnet"
          ]
        },
        {
          "index_key": 1,
          "schema_version": 0,
          "attributes": {
            "id": "rtbassoc-0bb1cd05e475bf1f0",
            "route_table_id": "rtb-021ddd443d3700e39",
            "subnet_id": "subnet-052d9540f3b2a49f8"
          },
          "private": "bnVsbA==",
          "depends_on": [
            "aws_route_table.rt_public",
            "aws_subnet.master_subnet"
          ]
        },
        {
          "index_key": 2,
          "schema_version": 0,
          "attributes": {
            "id": "rtbassoc-0e7e35b79a8af2d29",
            "route_table_id": "rtb-021ddd443d3700e39",
            "subnet_id": "subnet-0fa7826ce07be5802"
          },
          "private": "bnVsbA==",
          "depends_on": [
            "aws_route_table.rt_public",
            "aws_subnet.master_subnet"
          ]
        }
      ]
    },
    {
      "module": "module.vpc",
      "mode": "managed",
      "type": "aws_route_table_association",
      "name": "private_sub",
      "each": "list",
      "provider": "provider.aws",
      "instances": [
        {
          "index_key": 0,
          "schema_version": 0,
          "attributes": {
            "id": "rtbassoc-0c1e6a06c42d99550",
            "route_table_id": "rtb-0b061766857e9457a",
            "subnet_id": "subnet-08c6c33233a731358"
          },
          "private": "bnVsbA==",
          "depends_on": [
            "aws_route_table.rt_private",
            "aws_subnet.private_subnet"
          ]
        },
        {
          "index_key": 1,
          "schema_version": 0,
          "attributes": {
            "id": "rtbassoc-07046726770be8fad",
            "route_table_id": "rtb-0b061766857e9457a",
            "subnet_id": "subnet-075b1d4d3ad4addfc"
          },
          "private": "bnVsbA==",
          "depends_on": [
            "aws_route_table.rt_private",
            "aws_subnet.private_subnet"
          ]
        },
        {
          "index_key": 2,
          "schema_version": 0,
          "attributes": {
            "id": "rtbassoc-0e283f25af0afed41",
            "route_table_id": "rtb-0b061766857e9457a",
            "subnet_id": "subnet-06ae52c12fb1e93d8"
          },
          "private": "bnVsbA==",
          "depends_on": [
            "aws_route_table.rt_private",
            "aws_subnet.private_subnet"
          ]
        }
      ]
    },
    {
      "module": "module.vpc",
      "mode": "managed",
      "type": "aws_route_table_association",
      "name": "public",
      "each": "list",
      "provider": "provider.aws",
      "instances": [
        {
          "index_key": 0,
          "schema_version": 0,
          "attributes": {
            "id": "rtbassoc-0513bd4904af9d438",
            "route_table_id": "rtb-021ddd443d3700e39",
            "subnet_id": "subnet-07372b84743674040"
          },
          "private": "bnVsbA==",
          "depends_on": [
            "aws_route_table.rt_public",
            "aws_subnet.public_subnet"
          ]
        },
        {
          "index_key": 1,
          "schema_version": 0,
          "attributes": {
            "id": "rtbassoc-097e25cb1079824c7",
            "route_table_id": "rtb-021ddd443d3700e39",
            "subnet_id": "subnet-0265648bc54260165"
          },
          "private": "bnVsbA==",
          "depends_on": [
            "aws_route_table.rt_public",
            "aws_subnet.public_subnet"
          ]
        },
        {
          "index_key": 2,
          "schema_version": 0,
          "attributes": {
            "id": "rtbassoc-0fbc9549e67779f68",
            "route_table_id": "rtb-021ddd443d3700e39",
            "subnet_id": "subnet-07a345f6b7799e7fc"
          },
          "private": "bnVsbA==",
          "depends_on": [
            "aws_route_table.rt_public",
            "aws_subnet.public_subnet"
          ]
        }
      ]
    },
    {
      "module": "module.vpc",
      "mode": "managed",
      "type": "aws_route_table_association",
      "name": "worker",
      "each": "list",
      "provider": "provider.aws",
      "instances": [
        {
          "index_key": 0,
          "schema_version": 0,
          "attributes": {
            "id": "rtbassoc-0529fcefd76b52411",
            "route_table_id": "rtb-0b061766857e9457a",
            "subnet_id": "subnet-0a49f147677683610"
          },
          "private": "bnVsbA==",
          "depends_on": [
            "aws_route_table.rt_private",
            "aws_subnet.worker_subnet"
          ]
        },
        {
          "index_key": 1,
          "schema_version": 0,
          "attributes": {
            "id": "rtbassoc-0b8786a862f01cab9",
            "route_table_id": "rtb-0b061766857e9457a",
            "subnet_id": "subnet-00a3868c669463e28"
          },
          "private": "bnVsbA==",
          "depends_on": [
            "aws_route_table.rt_private",
            "aws_subnet.worker_subnet"
          ]
        },
        {
          "index_key": 2,
          "schema_version": 0,
          "attributes": {
            "id": "rtbassoc-0c85ecc88c06f246c",
            "route_table_id": "rtb-0b061766857e9457a",
            "subnet_id": "subnet-0465c0d1acacbcf14"
          },
          "private": "bnVsbA==",
          "depends_on": [
            "aws_route_table.rt_private",
            "aws_subnet.worker_subnet"
          ]
        }
      ]
    },
    {
      "module": "module.eks",
      "mode": "managed",
      "type": "aws_security_group",
      "name": "cluster-sg",
      "provider": "provider.aws",
      "instances": [
        {
          "schema_version": 1,
          "attributes": {
            "arn": "arn:aws:ec2:us-east-1:213745435605:security-group/sg-0e2044fbaa6f8e8bf",
            "description": "Cluster communication with worker nodes",
            "egress": [
              {
                "cidr_blocks": [
                  "0.0.0.0/0"
                ],
                "description": "",
                "from_port": 0,
                "ipv6_cidr_blocks": [],
                "prefix_list_ids": [],
                "protocol": "-1",
                "security_groups": [],
                "self": false,
                "to_port": 0
              }
            ],
            "id": "sg-0e2044fbaa6f8e8bf",
            "ingress": [],
            "name": "clusterSG",
            "name_prefix": null,
            "owner_id": "213745435605",
            "revoke_rules_on_delete": false,
            "tags": {
              "Name": "cluster"
            },
            "timeouts": null,
            "vpc_id": "vpc-0764e590e1fdf1dd6"
          },
          "private": "eyJlMmJmYjczMC1lY2FhLTExZTYtOGY4OC0zNDM2M2JjN2M0YzAiOnsiY3JlYXRlIjo2MDAwMDAwMDAwMDAsImRlbGV0ZSI6NjAwMDAwMDAwMDAwfSwic2NoZW1hX3ZlcnNpb24iOiIxIn0="
        }
      ]
    },
    {
      "module": "module.eks",
      "mode": "managed",
      "type": "aws_security_group",
      "name": "eks_alb_sg",
      "provider": "provider.aws",
      "instances": [
        {
          "schema_version": 1,
          "attributes": {
            "arn": "arn:aws:ec2:us-east-1:213745435605:security-group/sg-08962f3d04b68b146",
            "description": "Allow worker nodes pods to communicate with outsiders",
            "egress": [
              {
                "cidr_blocks": [
                  "0.0.0.0/0"
                ],
                "description": "",
                "from_port": 0,
                "ipv6_cidr_blocks": [],
                "prefix_list_ids": [],
                "protocol": "-1",
                "security_groups": [],
                "self": false,
                "to_port": 0
              }
            ],
            "id": "sg-08962f3d04b68b146",
            "ingress": [],
            "name": "eks-alb-loadbalancer-sg",
            "name_prefix": null,
            "owner_id": "213745435605",
            "revoke_rules_on_delete": false,
            "tags": {
              "Name": "eks-alb-sg"
            },
            "timeouts": null,
            "vpc_id": "vpc-0764e590e1fdf1dd6"
          },
          "private": "eyJlMmJmYjczMC1lY2FhLTExZTYtOGY4OC0zNDM2M2JjN2M0YzAiOnsiY3JlYXRlIjo2MDAwMDAwMDAwMDAsImRlbGV0ZSI6NjAwMDAwMDAwMDAwfSwic2NoZW1hX3ZlcnNpb24iOiIxIn0="
        }
      ]
    },
    {
      "module": "module.kubernetes-server",
      "mode": "managed",
      "type": "aws_security_group",
      "name": "kubernetes-server-instance-sg",
      "provider": "provider.aws",
      "instances": [
        {
          "schema_version": 1,
          "attributes": {
            "arn": "arn:aws:ec2:us-east-1:213745435605:security-group/sg-0074a17bcc4ea0f08",
            "description": "kubectl_instance_sg",
            "egress": [
              {
                "cidr_blocks": [
                  "0.0.0.0/0"
                ],
                "description": "",
                "from_port": 0,
                "ipv6_cidr_blocks": [],
                "prefix_list_ids": [],
                "protocol": "-1",
                "security_groups": [],
                "self": false,
                "to_port": 0
              }
            ],
            "id": "sg-0074a17bcc4ea0f08",
            "ingress": [
              {
                "cidr_blocks": [
                  "0.0.0.0/0"
                ],
                "description": "",
                "from_port": 22,
                "ipv6_cidr_blocks": [],
                "prefix_list_ids": [],
                "protocol": "tcp",
                "security_groups": [],
                "self": false,
                "to_port": 22
              }
            ],
            "name": "kubernetes-server-instance-sg",
            "name_prefix": null,
            "owner_id": "213745435605",
            "revoke_rules_on_delete": false,
            "tags": null,
            "timeouts": null,
            "vpc_id": "vpc-0764e590e1fdf1dd6"
          },
          "private": "eyJlMmJmYjczMC1lY2FhLTExZTYtOGY4OC0zNDM2M2JjN2M0YzAiOnsiY3JlYXRlIjo2MDAwMDAwMDAwMDAsImRlbGV0ZSI6NjAwMDAwMDAwMDAwfSwic2NoZW1hX3ZlcnNpb24iOiIxIn0="
        }
      ]
    },
    {
      "module": "module.eks",
      "mode": "managed",
      "type": "aws_security_group",
      "name": "worker-node-sg",
      "provider": "provider.aws",
      "instances": [
        {
          "schema_version": 1,
          "attributes": {
            "arn": "arn:aws:ec2:us-east-1:213745435605:security-group/sg-04dcf4a2a3a6ca9a5",
            "description": "Security group for all nodes in the cluster",
            "egress": [
              {
                "cidr_blocks": [
                  "0.0.0.0/0"
                ],
                "description": "",
                "from_port": 0,
                "ipv6_cidr_blocks": [],
                "prefix_list_ids": [],
                "protocol": "-1",
                "security_groups": [],
                "self": false,
                "to_port": 0
              }
            ],
            "id": "sg-04dcf4a2a3a6ca9a5",
            "ingress": [],
            "name": "worker-nodeSG",
            "name_prefix": null,
            "owner_id": "213745435605",
            "revoke_rules_on_delete": false,
            "tags": {
              "Name": "worker-node-sg",
              "kubernetes.io/cluster/": "production"
            },
            "timeouts": null,
            "vpc_id": "vpc-0764e590e1fdf1dd6"
          },
          "private": "eyJlMmJmYjczMC1lY2FhLTExZTYtOGY4OC0zNDM2M2JjN2M0YzAiOnsiY3JlYXRlIjo2MDAwMDAwMDAwMDAsImRlbGV0ZSI6NjAwMDAwMDAwMDAwfSwic2NoZW1hX3ZlcnNpb24iOiIxIn0="
        }
      ]
    },
    {
      "module": "module.eks",
      "mode": "managed",
      "type": "aws_security_group_rule",
      "name": "allow_http",
      "provider": "provider.aws",
      "instances": [
        {
          "schema_version": 2,
          "attributes": {
            "cidr_blocks": null,
            "description": null,
            "from_port": 80,
            "id": "sgrule-3831455548",
            "ipv6_cidr_blocks": null,
            "prefix_list_ids": null,
            "protocol": "tcp",
            "security_group_id": "sg-08962f3d04b68b146",
            "self": false,
            "source_security_group_id": "sg-04dcf4a2a3a6ca9a5",
            "to_port": 80,
            "type": "ingress"
          },
          "private": "eyJzY2hlbWFfdmVyc2lvbiI6IjIifQ==",
          "depends_on": [
            "aws_security_group.eks_alb_sg",
            "aws_security_group.worker-node-sg"
          ]
        }
      ]
    },
    {
      "module": "module.eks",
      "mode": "managed",
      "type": "aws_security_group_rule",
      "name": "allow_https",
      "provider": "provider.aws",
      "instances": [
        {
          "schema_version": 2,
          "attributes": {
            "cidr_blocks": null,
            "description": null,
            "from_port": 443,
            "id": "sgrule-2920028558",
            "ipv6_cidr_blocks": null,
            "prefix_list_ids": null,
            "protocol": "tcp",
            "security_group_id": "sg-08962f3d04b68b146",
            "self": false,
            "source_security_group_id": "sg-04dcf4a2a3a6ca9a5",
            "to_port": 443,
            "type": "ingress"
          },
          "private": "eyJzY2hlbWFfdmVyc2lvbiI6IjIifQ==",
          "depends_on": [
            "aws_security_group.eks_alb_sg",
            "aws_security_group.worker-node-sg"
          ]
        }
      ]
    },
    {
      "module": "module.eks",
      "mode": "managed",
      "type": "aws_security_group_rule",
      "name": "allow_worker_node",
      "provider": "provider.aws",
      "instances": [
        {
          "schema_version": 2,
          "attributes": {
            "cidr_blocks": null,
            "description": null,
            "from_port": 0,
            "id": "sgrule-1304267640",
            "ipv6_cidr_blocks": null,
            "prefix_list_ids": null,
            "protocol": "tcp",
            "security_group_id": "sg-08962f3d04b68b146",
            "self": false,
            "source_security_group_id": "sg-04dcf4a2a3a6ca9a5",
            "to_port": 65535,
            "type": "ingress"
          },
          "private": "eyJzY2hlbWFfdmVyc2lvbiI6IjIifQ==",
          "depends_on": [
            "aws_security_group.eks_alb_sg",
            "aws_security_group.worker-node-sg"
          ]
        }
      ]
    },
    {
      "module": "module.eks",
      "mode": "managed",
      "type": "aws_security_group_rule",
      "name": "cluster-ingress-node-https",
      "provider": "provider.aws",
      "instances": [
        {
          "schema_version": 2,
          "attributes": {
            "cidr_blocks": null,
            "description": "Allow pods to communicate with the cluster API Server",
            "from_port": 443,
            "id": "sgrule-3480985842",
            "ipv6_cidr_blocks": null,
            "prefix_list_ids": null,
            "protocol": "tcp",
            "security_group_id": "sg-0e2044fbaa6f8e8bf",
            "self": false,
            "source_security_group_id": "sg-04dcf4a2a3a6ca9a5",
            "to_port": 443,
            "type": "ingress"
          },
          "private": "eyJzY2hlbWFfdmVyc2lvbiI6IjIifQ==",
          "depends_on": [
            "aws_security_group.cluster-sg",
            "aws_security_group.worker-node-sg"
          ]
        }
      ]
    },
    {
      "module": "module.eks",
      "mode": "managed",
      "type": "aws_security_group_rule",
      "name": "cluster-ingress-workstation-https",
      "provider": "provider.aws",
      "instances": [
        {
          "schema_version": 2,
          "attributes": {
            "cidr_blocks": [
              "0.0.0.0/0"
            ],
            "description": "Allow workstation to communicate with the cluster API Server",
            "from_port": 443,
            "id": "sgrule-3104996351",
            "ipv6_cidr_blocks": null,
            "prefix_list_ids": null,
            "protocol": "tcp",
            "security_group_id": "sg-0e2044fbaa6f8e8bf",
            "self": false,
            "source_security_group_id": null,
            "to_port": 443,
            "type": "ingress"
          },
          "private": "eyJzY2hlbWFfdmVyc2lvbiI6IjIifQ==",
          "depends_on": [
            "aws_security_group.cluster-sg"
          ]
        }
      ]
    },
    {
      "module": "module.eks",
      "mode": "managed",
      "type": "aws_security_group_rule",
      "name": "worker-node-for-alb",
      "provider": "provider.aws",
      "instances": [
        {
          "schema_version": 2,
          "attributes": {
            "cidr_blocks": null,
            "description": "Allow worker Kubelets and pods to receive communication from alb",
            "from_port": 0,
            "id": "sgrule-317236588",
            "ipv6_cidr_blocks": null,
            "prefix_list_ids": null,
            "protocol": "tcp",
            "security_group_id": "sg-04dcf4a2a3a6ca9a5",
            "self": false,
            "source_security_group_id": "sg-08962f3d04b68b146",
            "to_port": 65535,
            "type": "ingress"
          },
          "private": "eyJzY2hlbWFfdmVyc2lvbiI6IjIifQ==",
          "depends_on": [
            "aws_security_group.eks_alb_sg",
            "aws_security_group.worker-node-sg"
          ]
        }
      ]
    },
    {
      "module": "module.eks",
      "mode": "managed",
      "type": "aws_security_group_rule",
      "name": "worker-node-for-control-server",
      "provider": "provider.aws",
      "instances": [
        {
          "schema_version": 2,
          "attributes": {
            "cidr_blocks": null,
            "description": "Allow worker Kubelets and pods to receive communication from the control server",
            "from_port": 0,
            "id": "sgrule-2838147110",
            "ipv6_cidr_blocks": null,
            "prefix_list_ids": null,
            "protocol": "tcp",
            "security_group_id": "sg-04dcf4a2a3a6ca9a5",
            "self": false,
            "source_security_group_id": "sg-0074a17bcc4ea0f08",
            "to_port": 65535,
            "type": "ingress"
          },
          "private": "eyJzY2hlbWFfdmVyc2lvbiI6IjIifQ==",
          "depends_on": [
            "aws_security_group.worker-node-sg"
          ]
        }
      ]
    },
    {
      "module": "module.eks",
      "mode": "managed",
      "type": "aws_security_group_rule",
      "name": "worker-node-ingress-cluster",
      "provider": "provider.aws",
      "instances": [
        {
          "schema_version": 2,
          "attributes": {
            "cidr_blocks": null,
            "description": "Allow worker Kubelets and pods to receive communication from the cluster control plane",
            "from_port": 1025,
            "id": "sgrule-2693865451",
            "ipv6_cidr_blocks": null,
            "prefix_list_ids": null,
            "protocol": "tcp",
            "security_group_id": "sg-04dcf4a2a3a6ca9a5",
            "self": false,
            "source_security_group_id": "sg-0e2044fbaa6f8e8bf",
            "to_port": 65535,
            "type": "ingress"
          },
          "private": "eyJzY2hlbWFfdmVyc2lvbiI6IjIifQ==",
          "depends_on": [
            "aws_security_group.cluster-sg",
            "aws_security_group.worker-node-sg"
          ]
        }
      ]
    },
    {
      "module": "module.eks",
      "mode": "managed",
      "type": "aws_security_group_rule",
      "name": "worker-node-ingress-self",
      "provider": "provider.aws",
      "instances": [
        {
          "schema_version": 2,
          "attributes": {
            "cidr_blocks": null,
            "description": "Allow node to communicate with each other",
            "from_port": 0,
            "id": "sgrule-2992889458",
            "ipv6_cidr_blocks": null,
            "prefix_list_ids": null,
            "protocol": "-1",
            "security_group_id": "sg-04dcf4a2a3a6ca9a5",
            "self": false,
            "source_security_group_id": "sg-04dcf4a2a3a6ca9a5",
            "to_port": 65535,
            "type": "ingress"
          },
          "private": "eyJzY2hlbWFfdmVyc2lvbiI6IjIifQ==",
          "depends_on": [
            "aws_security_group.worker-node-sg"
          ]
        }
      ]
    },
    {
      "module": "module.vpc",
      "mode": "managed",
      "type": "aws_subnet",
      "name": "master_subnet",
      "each": "list",
      "provider": "provider.aws",
      "instances": [
        {
          "index_key": 0,
          "schema_version": 1,
          "attributes": {
            "arn": "arn:aws:ec2:us-east-1:213745435605:subnet/subnet-0ad85a5b85af6d92b",
            "assign_ipv6_address_on_creation": false,
            "availability_zone": "us-east-1a",
            "availability_zone_id": "use1-az4",
            "cidr_block": "10.0.48.0/20",
            "id": "subnet-0ad85a5b85af6d92b",
            "ipv6_cidr_block": "",
            "ipv6_cidr_block_association_id": "",
            "map_public_ip_on_launch": false,
            "owner_id": "213745435605",
            "tags": {
              "Name": "Master_us-east-1a"
            },
            "timeouts": null,
            "vpc_id": "vpc-0764e590e1fdf1dd6"
          },
          "private": "eyJlMmJmYjczMC1lY2FhLTExZTYtOGY4OC0zNDM2M2JjN2M0YzAiOnsiY3JlYXRlIjo2MDAwMDAwMDAwMDAsImRlbGV0ZSI6MTIwMDAwMDAwMDAwMH0sInNjaGVtYV92ZXJzaW9uIjoiMSJ9",
          "depends_on": [
            "aws_vpc.this",
            "data.aws_availability_zones.available"
          ]
        },
        {
          "index_key": 1,
          "schema_version": 1,
          "attributes": {
            "arn": "arn:aws:ec2:us-east-1:213745435605:subnet/subnet-052d9540f3b2a49f8",
            "assign_ipv6_address_on_creation": false,
            "availability_zone": "us-east-1b",
            "availability_zone_id": "use1-az6",
            "cidr_block": "10.0.64.0/20",
            "id": "subnet-052d9540f3b2a49f8",
            "ipv6_cidr_block": "",
            "ipv6_cidr_block_association_id": "",
            "map_public_ip_on_launch": false,
            "owner_id": "213745435605",
            "tags": {
              "Name": "Master_us-east-1b"
            },
            "timeouts": null,
            "vpc_id": "vpc-0764e590e1fdf1dd6"
          },
          "private": "eyJlMmJmYjczMC1lY2FhLTExZTYtOGY4OC0zNDM2M2JjN2M0YzAiOnsiY3JlYXRlIjo2MDAwMDAwMDAwMDAsImRlbGV0ZSI6MTIwMDAwMDAwMDAwMH0sInNjaGVtYV92ZXJzaW9uIjoiMSJ9",
          "depends_on": [
            "aws_vpc.this",
            "data.aws_availability_zones.available"
          ]
        },
        {
          "index_key": 2,
          "schema_version": 1,
          "attributes": {
            "arn": "arn:aws:ec2:us-east-1:213745435605:subnet/subnet-0fa7826ce07be5802",
            "assign_ipv6_address_on_creation": false,
            "availability_zone": "us-east-1c",
            "availability_zone_id": "use1-az1",
            "cidr_block": "10.0.80.0/20",
            "id": "subnet-0fa7826ce07be5802",
            "ipv6_cidr_block": "",
            "ipv6_cidr_block_association_id": "",
            "map_public_ip_on_launch": false,
            "owner_id": "213745435605",
            "tags": {
              "Name": "Master_us-east-1c"
            },
            "timeouts": null,
            "vpc_id": "vpc-0764e590e1fdf1dd6"
          },
          "private": "eyJlMmJmYjczMC1lY2FhLTExZTYtOGY4OC0zNDM2M2JjN2M0YzAiOnsiY3JlYXRlIjo2MDAwMDAwMDAwMDAsImRlbGV0ZSI6MTIwMDAwMDAwMDAwMH0sInNjaGVtYV92ZXJzaW9uIjoiMSJ9",
          "depends_on": [
            "aws_vpc.this",
            "data.aws_availability_zones.available"
          ]
        }
      ]
    },
    {
      "module": "module.vpc",
      "mode": "managed",
      "type": "aws_subnet",
      "name": "private_subnet",
      "each": "list",
      "provider": "provider.aws",
      "instances": [
        {
          "index_key": 0,
          "schema_version": 1,
          "attributes": {
            "arn": "arn:aws:ec2:us-east-1:213745435605:subnet/subnet-08c6c33233a731358",
            "assign_ipv6_address_on_creation": false,
            "availability_zone": "us-east-1a",
            "availability_zone_id": "use1-az4",
            "cidr_block": "10.0.228.0/22",
            "id": "subnet-08c6c33233a731358",
            "ipv6_cidr_block": "",
            "ipv6_cidr_block_association_id": "",
            "map_public_ip_on_launch": false,
            "owner_id": "213745435605",
            "tags": {
              "Name": "Private_subnet_us-east-1a",
              "kubernetes.io/cluster/production": "owned",
              "kubernetes.io/role/internal-elb": "1"
            },
            "timeouts": null,
            "vpc_id": "vpc-0764e590e1fdf1dd6"
          },
          "private": "eyJlMmJmYjczMC1lY2FhLTExZTYtOGY4OC0zNDM2M2JjN2M0YzAiOnsiY3JlYXRlIjo2MDAwMDAwMDAwMDAsImRlbGV0ZSI6MTIwMDAwMDAwMDAwMH0sInNjaGVtYV92ZXJzaW9uIjoiMSJ9",
          "depends_on": [
            "aws_vpc.this",
            "data.aws_availability_zones.available"
          ]
        },
        {
          "index_key": 1,
          "schema_version": 1,
          "attributes": {
            "arn": "arn:aws:ec2:us-east-1:213745435605:subnet/subnet-075b1d4d3ad4addfc",
            "assign_ipv6_address_on_creation": false,
            "availability_zone": "us-east-1b",
            "availability_zone_id": "use1-az6",
            "cidr_block": "10.0.232.0/22",
            "id": "subnet-075b1d4d3ad4addfc",
            "ipv6_cidr_block": "",
            "ipv6_cidr_block_association_id": "",
            "map_public_ip_on_launch": false,
            "owner_id": "213745435605",
            "tags": {
              "Name": "Private_subnet_us-east-1b",
              "kubernetes.io/cluster/production": "owned",
              "kubernetes.io/role/internal-elb": "1"
            },
            "timeouts": null,
            "vpc_id": "vpc-0764e590e1fdf1dd6"
          },
          "private": "eyJlMmJmYjczMC1lY2FhLTExZTYtOGY4OC0zNDM2M2JjN2M0YzAiOnsiY3JlYXRlIjo2MDAwMDAwMDAwMDAsImRlbGV0ZSI6MTIwMDAwMDAwMDAwMH0sInNjaGVtYV92ZXJzaW9uIjoiMSJ9",
          "depends_on": [
            "aws_vpc.this",
            "data.aws_availability_zones.available"
          ]
        },
        {
          "index_key": 2,
          "schema_version": 1,
          "attributes": {
            "arn": "arn:aws:ec2:us-east-1:213745435605:subnet/subnet-06ae52c12fb1e93d8",
            "assign_ipv6_address_on_creation": false,
            "availability_zone": "us-east-1c",
            "availability_zone_id": "use1-az1",
            "cidr_block": "10.0.236.0/22",
            "id": "subnet-06ae52c12fb1e93d8",
            "ipv6_cidr_block": "",
            "ipv6_cidr_block_association_id": "",
            "map_public_ip_on_launch": false,
            "owner_id": "213745435605",
            "tags": {
              "Name": "Private_subnet_us-east-1c",
              "kubernetes.io/cluster/production": "owned",
              "kubernetes.io/role/internal-elb": "1"
            },
            "timeouts": null,
            "vpc_id": "vpc-0764e590e1fdf1dd6"
          },
          "private": "eyJlMmJmYjczMC1lY2FhLTExZTYtOGY4OC0zNDM2M2JjN2M0YzAiOnsiY3JlYXRlIjo2MDAwMDAwMDAwMDAsImRlbGV0ZSI6MTIwMDAwMDAwMDAwMH0sInNjaGVtYV92ZXJzaW9uIjoiMSJ9",
          "depends_on": [
            "aws_vpc.this",
            "data.aws_availability_zones.available"
          ]
        }
      ]
    },
    {
      "module": "module.vpc",
      "mode": "managed",
      "type": "aws_subnet",
      "name": "public_subnet",
      "each": "list",
      "provider": "provider.aws",
      "instances": [
        {
          "index_key": 0,
          "schema_version": 1,
          "attributes": {
            "arn": "arn:aws:ec2:us-east-1:213745435605:subnet/subnet-07372b84743674040",
            "assign_ipv6_address_on_creation": false,
            "availability_zone": "us-east-1a",
            "availability_zone_id": "use1-az4",
            "cidr_block": "10.0.204.0/22",
            "id": "subnet-07372b84743674040",
            "ipv6_cidr_block": "",
            "ipv6_cidr_block_association_id": "",
            "map_public_ip_on_launch": false,
            "owner_id": "213745435605",
            "tags": {
              "Name": "Public_subnet_us-east-1a",
              "kubernetes.io/cluster/production": "owned",
              "kubernetes.io/role/elb": "1"
            },
            "timeouts": null,
            "vpc_id": "vpc-0764e590e1fdf1dd6"
          },
          "private": "eyJlMmJmYjczMC1lY2FhLTExZTYtOGY4OC0zNDM2M2JjN2M0YzAiOnsiY3JlYXRlIjo2MDAwMDAwMDAwMDAsImRlbGV0ZSI6MTIwMDAwMDAwMDAwMH0sInNjaGVtYV92ZXJzaW9uIjoiMSJ9",
          "depends_on": [
            "aws_vpc.this",
            "data.aws_availability_zones.available"
          ]
        },
        {
          "index_key": 1,
          "schema_version": 1,
          "attributes": {
            "arn": "arn:aws:ec2:us-east-1:213745435605:subnet/subnet-0265648bc54260165",
            "assign_ipv6_address_on_creation": false,
            "availability_zone": "us-east-1b",
            "availability_zone_id": "use1-az6",
            "cidr_block": "10.0.208.0/22",
            "id": "subnet-0265648bc54260165",
            "ipv6_cidr_block": "",
            "ipv6_cidr_block_association_id": "",
            "map_public_ip_on_launch": false,
            "owner_id": "213745435605",
            "tags": {
              "Name": "Public_subnet_us-east-1b",
              "kubernetes.io/cluster/production": "owned",
              "kubernetes.io/role/elb": "1"
            },
            "timeouts": null,
            "vpc_id": "vpc-0764e590e1fdf1dd6"
          },
          "private": "eyJlMmJmYjczMC1lY2FhLTExZTYtOGY4OC0zNDM2M2JjN2M0YzAiOnsiY3JlYXRlIjo2MDAwMDAwMDAwMDAsImRlbGV0ZSI6MTIwMDAwMDAwMDAwMH0sInNjaGVtYV92ZXJzaW9uIjoiMSJ9",
          "depends_on": [
            "aws_vpc.this",
            "data.aws_availability_zones.available"
          ]
        },
        {
          "index_key": 2,
          "schema_version": 1,
          "attributes": {
            "arn": "arn:aws:ec2:us-east-1:213745435605:subnet/subnet-07a345f6b7799e7fc",
            "assign_ipv6_address_on_creation": false,
            "availability_zone": "us-east-1c",
            "availability_zone_id": "use1-az1",
            "cidr_block": "10.0.212.0/22",
            "id": "subnet-07a345f6b7799e7fc",
            "ipv6_cidr_block": "",
            "ipv6_cidr_block_association_id": "",
            "map_public_ip_on_launch": false,
            "owner_id": "213745435605",
            "tags": {
              "Name": "Public_subnet_us-east-1c",
              "kubernetes.io/cluster/production": "owned",
              "kubernetes.io/role/elb": "1"
            },
            "timeouts": null,
            "vpc_id": "vpc-0764e590e1fdf1dd6"
          },
          "private": "eyJlMmJmYjczMC1lY2FhLTExZTYtOGY4OC0zNDM2M2JjN2M0YzAiOnsiY3JlYXRlIjo2MDAwMDAwMDAwMDAsImRlbGV0ZSI6MTIwMDAwMDAwMDAwMH0sInNjaGVtYV92ZXJzaW9uIjoiMSJ9",
          "depends_on": [
            "aws_vpc.this",
            "data.aws_availability_zones.available"
          ]
        }
      ]
    },
    {
      "module": "module.vpc",
      "mode": "managed",
      "type": "aws_subnet",
      "name": "worker_subnet",
      "each": "list",
      "provider": "provider.aws",
      "instances": [
        {
          "index_key": 0,
          "schema_version": 1,
          "attributes": {
            "arn": "arn:aws:ec2:us-east-1:213745435605:subnet/subnet-0a49f147677683610",
            "assign_ipv6_address_on_creation": false,
            "availability_zone": "us-east-1a",
            "availability_zone_id": "use1-az4",
            "cidr_block": "10.0.144.0/20",
            "id": "subnet-0a49f147677683610",
            "ipv6_cidr_block": "",
            "ipv6_cidr_block_association_id": "",
            "map_public_ip_on_launch": false,
            "owner_id": "213745435605",
            "tags": {
              "Name": "Worker_us-east-1a"
            },
            "timeouts": null,
            "vpc_id": "vpc-0764e590e1fdf1dd6"
          },
          "private": "eyJlMmJmYjczMC1lY2FhLTExZTYtOGY4OC0zNDM2M2JjN2M0YzAiOnsiY3JlYXRlIjo2MDAwMDAwMDAwMDAsImRlbGV0ZSI6MTIwMDAwMDAwMDAwMH0sInNjaGVtYV92ZXJzaW9uIjoiMSJ9",
          "depends_on": [
            "aws_vpc.this",
            "data.aws_availability_zones.available"
          ]
        },
        {
          "index_key": 1,
          "schema_version": 1,
          "attributes": {
            "arn": "arn:aws:ec2:us-east-1:213745435605:subnet/subnet-00a3868c669463e28",
            "assign_ipv6_address_on_creation": false,
            "availability_zone": "us-east-1b",
            "availability_zone_id": "use1-az6",
            "cidr_block": "10.0.160.0/20",
            "id": "subnet-00a3868c669463e28",
            "ipv6_cidr_block": "",
            "ipv6_cidr_block_association_id": "",
            "map_public_ip_on_launch": false,
            "owner_id": "213745435605",
            "tags": {
              "Name": "Worker_us-east-1b"
            },
            "timeouts": null,
            "vpc_id": "vpc-0764e590e1fdf1dd6"
          },
          "private": "eyJlMmJmYjczMC1lY2FhLTExZTYtOGY4OC0zNDM2M2JjN2M0YzAiOnsiY3JlYXRlIjo2MDAwMDAwMDAwMDAsImRlbGV0ZSI6MTIwMDAwMDAwMDAwMH0sInNjaGVtYV92ZXJzaW9uIjoiMSJ9",
          "depends_on": [
            "aws_vpc.this",
            "data.aws_availability_zones.available"
          ]
        },
        {
          "index_key": 2,
          "schema_version": 1,
          "attributes": {
            "arn": "arn:aws:ec2:us-east-1:213745435605:subnet/subnet-0465c0d1acacbcf14",
            "assign_ipv6_address_on_creation": false,
            "availability_zone": "us-east-1c",
            "availability_zone_id": "use1-az1",
            "cidr_block": "10.0.176.0/20",
            "id": "subnet-0465c0d1acacbcf14",
            "ipv6_cidr_block": "",
            "ipv6_cidr_block_association_id": "",
            "map_public_ip_on_launch": false,
            "owner_id": "213745435605",
            "tags": {
              "Name": "Worker_us-east-1c"
            },
            "timeouts": null,
            "vpc_id": "vpc-0764e590e1fdf1dd6"
          },
          "private": "eyJlMmJmYjczMC1lY2FhLTExZTYtOGY4OC0zNDM2M2JjN2M0YzAiOnsiY3JlYXRlIjo2MDAwMDAwMDAwMDAsImRlbGV0ZSI6MTIwMDAwMDAwMDAwMH0sInNjaGVtYV92ZXJzaW9uIjoiMSJ9",
          "depends_on": [
            "aws_vpc.this",
            "data.aws_availability_zones.available"
          ]
        }
      ]
    },
    {
      "module": "module.vpc",
      "mode": "managed",
      "type": "aws_vpc",
      "name": "this",
      "provider": "provider.aws",
      "instances": [
        {
          "schema_version": 1,
          "attributes": {
            "arn": "arn:aws:ec2:us-east-1:213745435605:vpc/vpc-0764e590e1fdf1dd6",
            "assign_generated_ipv6_cidr_block": false,
            "cidr_block": "10.0.0.0/16",
            "default_network_acl_id": "acl-05b7c19cbde4b4a3f",
            "default_route_table_id": "rtb-0d86869ea4e377c75",
            "default_security_group_id": "sg-098274b694b662795",
            "dhcp_options_id": "dopt-28d8d751",
            "enable_classiclink": false,
            "enable_classiclink_dns_support": false,
            "enable_dns_hostnames": true,
            "enable_dns_support": true,
            "id": "vpc-0764e590e1fdf1dd6",
            "instance_tenancy": "default",
            "ipv6_association_id": "",
            "ipv6_cidr_block": "",
            "main_route_table_id": "rtb-0d86869ea4e377c75",
            "owner_id": "213745435605",
            "tags": {
              "Name": "VPC_name"
            }
          },
          "private": "eyJzY2hlbWFfdmVyc2lvbiI6IjEifQ=="
        }
      ]
    }
  ]
}
